
Microsoft Visual Studio Solution File, Format Version 12.00
# Visual Studio 15
VisualStudioVersion = 15.0.27703.2026
MinimumVisualStudioVersion = 10.0.40219.1
Project("{FAE04EC0-301F-11D3-BF4B-00C04F79EFBC}") = "ADBTeam27_DB4O", "ADBTeam27_DB4O\ADBTeam27_DB4O.csproj", "{7B2243AE-84F6-4AA7-A010-9AED89EEECED}"
EndProject
Global
	GlobalSection(SolutionConfigurationPlatforms) = preSolution
		Debug|Any CPU = Debug|Any CPU
		Release|Any CPU = Release|Any CPU
	EndGlobalSection
	GlobalSection(ProjectConfigurationPlatforms) = postSolution
		{7B2243AE-84F6-4AA7-A010-9AED89EEECED}.Debug|Any CPU.ActiveCfg = Debug|Any CPU
		{7B2243AE-84F6-4AA7-A010-9AED89EEECED}.Debug|Any CPU.Build.0 = Debug|Any CPU
		{7B2243AE-84F6-4AA7-A010-9AED89EEECED}.Release|Any CPU.ActiveCfg = Release|Any CPU
		{7B2243AE-84F6-4AA7-A010-9AED89EEECED}.Release|Any CPU.Build.0 = Release|Any CPU
	EndGlobalSection
	GlobalSection(SolutionProperties) = preSolution
		HideSolutionNode = FALSE
	EndGlobalSection
	GlobalSection(ExtensibilityGlobals) = postSolution
		SolutionGuid = {FECC24D3-7717-40F4-9969-EE7CD07A0102}
	EndGlobalSection
EndGlobal
